
Microsoft Visual Studio Solution File, Format Version 12.00
# Visual Studio Version 16
VisualStudioVersion = 16.0.30517.126
MinimumVisualStudioVersion = 10.0.40219.1
Project("{FAE04EC0-301F-11D3-BF4B-00C04F79EFBC}") = "LINQ", "LINQ\LINQ.csproj", "{7A1B0963-AE91-423C-A572-172CCDCFE442}"
EndProject
Global
	GlobalSection(SolutionConfigurationPlatforms) = preSolution
		Debug|Any CPU = Debug|Any CPU
		Release|Any CPU = Release|Any CPU
	EndGlobalSection
	GlobalSection(ProjectConfigurationPlatforms) = postSolution
		{7A1B0963-AE91-423C-A572-172CCDCFE442}.Debug|Any CPU.ActiveCfg = Debug|Any CPU
		{7A1B0963-AE91-423C-A572-172CCDCFE442}.Debug|Any CPU.Build.0 = Debug|Any CPU
		{7A1B0963-AE91-423C-A572-172CCDCFE442}.Release|Any CPU.ActiveCfg = Release|Any CPU
		{7A1B0963-AE91-423C-A572-172CCDCFE442}.Release|Any CPU.Build.0 = Release|Any CPU
	EndGlobalSection
	GlobalSection(SolutionProperties) = preSolution
		HideSolutionNode = FALSE
	EndGlobalSection
	GlobalSection(ExtensibilityGlobals) = postSolution
		SolutionGuid = {F56DC3E3-00F8-4F08-9052-BE1AB57C382C}
	EndGlobalSection
EndGlobal
